// !$*UTF8*$!
{
	archiveVersion = 1;
	classes = {
	};
	objectVersion = 50;
	objects = {

/* Begin PBXBuildFile section */
		2BE1E04B2156E45600883903 /* AppDelegate.swift in Sources */ = {isa = PBXBuildFile; fileRef = 2BE1E04A2156E45600883903 /* AppDelegate.swift */; };
		2BE1E04D2156E45600883903 /* ViewController.swift in Sources */ = {isa = PBXBuildFile; fileRef = 2BE1E04C2156E45600883903 /* ViewController.swift */; };
		2BE1E0502156E45600883903 /* Main.storyboard in Resources */ = {isa = PBXBuildFile; fileRef = 2BE1E04E2156E45600883903 /* Main.storyboard */; };
		2BE1E0522156E45700883903 /* Assets.xcassets in Resources */ = {isa = PBXBuildFile; fileRef = 2BE1E0512156E45700883903 /* Assets.xcassets */; };
		2BE1E0552156E45700883903 /* LaunchScreen.storyboard in Resources */ = {isa = PBXBuildFile; fileRef = 2BE1E0532156E45700883903 /* LaunchScreen.storyboard */; };
		2BE1E0602156E45700883903 /* CatYearsTests.swift in Sources */ = {isa = PBXBuildFile; fileRef = 2BE1E05F2156E45700883903 /* CatYearsTests.swift */; };
		2BE1E06B2156E45700883903 /* CatYearsUITests.swift in Sources */ = {isa = PBXBuildFile; fileRef = 2BE1E06A2156E45700883903 /* CatYearsUITests.swift */; };
		2BE1E0792156E47700883903 /* blog-2.png in Resources */ = {isa = PBXBuildFile; fileRef = 2BE1E0782156E47700883903 /* blog-2.png */; };
/* End PBXBuildFile section */

/* Begin PBXContainerItemProxy section */
		2BE1E05C2156E45700883903 /* PBXContainerItemProxy */ = {
			isa = PBXContainerItemProxy;
			containerPortal = 2BE1E03F2156E45600883903 /* Project object */;
			proxyType = 1;
			remoteGlobalIDString = 2BE1E0462156E45600883903;
			remoteInfo = CatYears;
		};
		2BE1E0672156E45700883903 /* PBXContainerItemProxy */ = {
			isa = PBXContainerItemProxy;
			containerPortal = 2BE1E03F2156E45600883903 /* Project object */;
			proxyType = 1;
			remoteGlobalIDString = 2BE1E0462156E45600883903;
			remoteInfo = CatYears;
		};
/* End PBXContainerItemProxy section */

/* Begin PBXFileReference section */
		2BE1E0472156E45600883903 /* CatYears.app */ = {isa = PBXFileReference; explicitFileType = wrapper.application; includeInIndex = 0; path = CatYears.app; sourceTree = BUILT_PRODUCTS_DIR; };
		2BE1E04A2156E45600883903 /* AppDelegate.swift */ = {isa = PBXFileReference; lastKnownFileType = sourcecode.swift; path = AppDelegate.swift; sourceTree = "<group>"; };
		2BE1E04C2156E45600883903 /* ViewController.swift */ = {isa = PBXFileReference; lastKnownFileType = sourcecode.swift; path = ViewController.swift; sourceTree = "<group>"; };
		2BE1E04F2156E45600883903 /* Base */ = {isa = PBXFileReference; lastKnownFileType = file.storyboard; name = Base; path = Base.lproj/Main.storyboard; sourceTree = "<group>"; };
		2BE1E0512156E45700883903 /* Assets.xcassets */ = {isa = PBXFileReference; lastKnownFileType = folder.assetcatalog; path = Assets.xcassets; sourceTree = "<group>"; };
		2BE1E0542156E45700883903 /* Base */ = {isa = PBXFileReference; lastKnownFileType = file.storyboard; name = Base; path = Base.lproj/LaunchScreen.storyboard; sourceTree = "<group>"; };
		2BE1E0562156E45700883903 /* Info.plist */ = {isa = PBXFileReference; lastKnownFileType = text.plist.xml; path = Info.plist; sourceTree = "<group>"; };
		2BE1E05B2156E45700883903 /* CatYearsTests.xctest */ = {isa = PBXFileReference; explicitFileType = wrapper.cfbundle; includeInIndex = 0; path = CatYearsTests.xctest; sourceTree = BUILT_PRODUCTS_DIR; };
		2BE1E05F2156E45700883903 /* CatYearsTests.swift */ = {isa = PBXFileReference; lastKnownFileType = sourcecode.swift; path = CatYearsTests.swift; sourceTree = "<group>"; };
		2BE1E0612156E45700883903 /* Info.plist */ = {isa = PBXFileReference; lastKnownFileType = text.plist.xml; path = Info.plist; sourceTree = "<group>"; };
		2BE1E0662156E45700883903 /* CatYearsUITests.xctest */ = {isa = PBXFileReference; explicitFileType = wrapper.cfbundle; includeInIndex = 0; path = CatYearsUITests.xctest; sourceTree = BUILT_PRODUCTS_DIR; };
		2BE1E06A2156E45700883903 /* CatYearsUITests.swift */ = {isa = PBXFileReference; lastKnownFileType = sourcecode.swift; path = CatYearsUITests.swift; sourceTree = "<group>"; };
		2BE1E06C2156E45700883903 /* Info.plist */ = {isa = PBXFileReference; lastKnownFileType = text.plist.xml; path = Info.plist; sourceTree = "<group>"; };
		2BE1E0782156E47700883903 /* blog-2.png */ = {isa = PBXFileReference; lastKnownFileType = image.png; path = "blog-2.png"; sourceTree = "<group>"; };
/* End PBXFileReference section */

/* Begin PBXFrameworksBuildPhase section */
		2BE1E0442156E45600883903 /* Frameworks */ = {
			isa = PBXFrameworksBuildPhase;
			buildActionMask = 2147483647;
			files = (
			);
			runOnlyForDeploymentPostprocessing = 0;
		};
		2BE1E0582156E45700883903 /* Frameworks */ = {
			isa = PBXFrameworksBuildPhase;
			buildActionMask = 2147483647;
			files = (
			);
			runOnlyForDeploymentPostprocessing = 0;
		};
		2BE1E0632156E45700883903 /* Frameworks */ = {
			isa = PBXFrameworksBuildPhase;
			buildActionMask = 2147483647;
			files = (
			);
			runOnlyForDeploymentPostprocessing = 0;
		};
/* End PBXFrameworksBuildPhase section */

/* Begin PBXGroup section */
		2BE1E03E2156E45600883903 = {
			isa = PBXGroup;
			children = (
				2BE1E0492156E45600883903 /* CatYears */,
				2BE1E05E2156E45700883903 /* CatYearsTests */,
				2BE1E0692156E45700883903 /* CatYearsUITests */,
				2BE1E0482156E45600883903 /* Products */,
			);
			sourceTree = "<group>";
		};
		2BE1E0482156E45600883903 /* Products */ = {
			isa = PBXGroup;
			children = (
				2BE1E0472156E45600883903 /* CatYears.app */,
				2BE1E05B2156E45700883903 /* CatYearsTests.xctest */,
				2BE1E0662156E45700883903 /* CatYearsUITests.xctest */,
			);
			name = Products;
			sourceTree = "<group>";
		};
		2BE1E0492156E45600883903 /* CatYears */ = {
			isa = PBXGroup;
			children = (
				2BE1E04A2156E45600883903 /* AppDelegate.swift */,
				2BE1E04C2156E45600883903 /* ViewController.swift */,
				2BE1E04E2156E45600883903 /* Main.storyboard */,
				2BE1E0512156E45700883903 /* Assets.xcassets */,
				2BE1E0532156E45700883903 /* LaunchScreen.storyboard */,
				2BE1E0562156E45700883903 /* Info.plist */,
				2BE1E0782156E47700883903 /* blog-2.png */,
			);
			path = CatYears;
			sourceTree = "<group>";
		};
		2BE1E05E2156E45700883903 /* CatYearsTests */ = {
			isa = PBXGroup;
			children = (
				2BE1E05F2156E45700883903 /* CatYearsTests.swift */,
				2BE1E0612156E45700883903 /* Info.plist */,
			);
			path = CatYearsTests;
			sourceTree = "<group>";
		};
		2BE1E0692156E45700883903 /* CatYearsUITests */ = {
			isa = PBXGroup;
			children = (
				2BE1E06A2156E45700883903 /* CatYearsUITests.swift */,
				2BE1E06C2156E45700883903 /* Info.plist */,
			);
			path = CatYearsUITests;
			sourceTree = "<group>";
		};
/* End PBXGroup section */

/* Begin PBXNativeTarget section */
		2BE1E0462156E45600883903 /* CatYears */ = {
			isa = PBXNativeTarget;
			buildConfigurationList = 2BE1E06F2156E45700883903 /* Build configuration list for PBXNativeTarget "CatYears" */;
			buildPhases = (
				2BE1E0432156E45600883903 /* Sources */,
				2BE1E0442156E45600883903 /* Frameworks */,
				2BE1E0452156E45600883903 /* Resources */,
			);
			buildRules = (
			);
			dependencies = (
			);
			name = CatYears;
			productName = CatYears;
			productReference = 2BE1E0472156E45600883903 /* CatYears.app */;
			productType = "com.apple.product-type.application";
		};
		2BE1E05A2156E45700883903 /* CatYearsTests */ = {
			isa = PBXNativeTarget;
			buildConfigurationList = 2BE1E0722156E45700883903 /* Build configuration list for PBXNativeTarget "CatYearsTests" */;
			buildPhases = (
				2BE1E0572156E45700883903 /* Sources */,
				2BE1E0582156E45700883903 /* Frameworks */,
				2BE1E0592156E45700883903 /* Resources */,
			);
			buildRules = (
			);
			dependencies = (
				2BE1E05D2156E45700883903 /* PBXTargetDependency */,
			);
			name = CatYearsTests;
			productName = CatYearsTests;
			productReference = 2BE1E05B2156E45700883903 /* CatYearsTests.xctest */;
			productType = "com.apple.product-type.bundle.unit-test";
		};
		2BE1E0652156E45700883903 /* CatYearsUITests */ = {
			isa = PBXNativeTarget;
			buildConfigurationList = 2BE1E0752156E45700883903 /* Build configuration list for PBXNativeTarget "CatYearsUITests" */;
			buildPhases = (
				2BE1E0622156E45700883903 /* Sources */,
				2BE1E0632156E45700883903 /* Frameworks */,
				2BE1E0642156E45700883903 /* Resources */,
			);
			buildRules = (
			);
			dependencies = (
				2BE1E0682156E45700883903 /* PBXTargetDependency */,
			);
			name = CatYearsUITests;
			productName = CatYearsUITests;
			productReference = 2BE1E0662156E45700883903 /* CatYearsUITests.xctest */;
			productType = "com.apple.product-type.bundle.ui-testing";
		};
/* End PBXNativeTarget section */

/* Begin PBXProject section */
		2BE1E03F2156E45600883903 /* Project object */ = {
			isa = PBXProject;
			attributes = {
				LastSwiftUpdateCheck = 1000;
				LastUpgradeCheck = 1000;
				ORGANIZATIONNAME = "Tarek Moubarak";
				TargetAttributes = {
					2BE1E0462156E45600883903 = {
						CreatedOnToolsVersion = 10.0;
					};
					2BE1E05A2156E45700883903 = {
						CreatedOnToolsVersion = 10.0;
						TestTargetID = 2BE1E0462156E45600883903;
					};
					2BE1E0652156E45700883903 = {
						CreatedOnToolsVersion = 10.0;
						TestTargetID = 2BE1E0462156E45600883903;
					};
				};
			};
			buildConfigurationList = 2BE1E0422156E45600883903 /* Build configuration list for PBXProject "CatYears" */;
			compatibilityVersion = "Xcode 9.3";
			developmentRegion = en;
			hasScannedForEncodings = 0;
			knownRegions = (
				en,
				Base,
			);
			mainGroup = 2BE1E03E2156E45600883903;
			productRefGroup = 2BE1E0482156E45600883903 /* Products */;
			projectDirPath = "";
			projectRoot = "";
			targets = (
				2BE1E0462156E45600883903 /* CatYears */,
				2BE1E05A2156E45700883903 /* CatYearsTests */,
				2BE1E0652156E45700883903 /* CatYearsUITests */,
			);
		};
/* End PBXProject section */

/* Begin PBXResourcesBuildPhase section */
		2BE1E0452156E45600883903 /* Resources */ = {
			isa = PBXResourcesBuildPhase;
			buildActionMask = 2147483647;
			files = (
				2BE1E0792156E47700883903 /* blog-2.png in Resources */,
				2BE1E0552156E45700883903 /* LaunchScreen.storyboard in Resources */,
				2BE1E0522156E45700883903 /* Assets.xcassets in Resources */,
				2BE1E0502156E45600883903 /* Main.storyboard in Resources */,
			);
			runOnlyForDeploymentPostprocessing = 0;
		};
		2BE1E0592156E45700883903 /* Resources */ = {
			isa = PBXResourcesBuildPhase;
			buildActionMask = 2147483647;
			files = (
			);
			runOnlyForDeploymentPostprocessing = 0;
		};
		2BE1E0642156E45700883903 /* Resources */ = {
			isa = PBXResourcesBuildPhase;
			buildActionMask = 2147483647;
			files = (
			);
			runOnlyForDeploymentPostprocessing = 0;
		};
/* End PBXResourcesBuildPhase section */

/* Begin PBXSourcesBuildPhase section */
		2BE1E0432156E45600883903 /* Sources */ = {
			isa = PBXSourcesBuildPhase;
			buildActionMask = 2147483647;
			files = (
				2BE1E04D2156E45600883903 /* ViewController.swift in Sources */,
				2BE1E04B2156E45600883903 /* AppDelegate.swift in Sources */,
			);
			runOnlyForDeploymentPostprocessing = 0;
		};
		2BE1E0572156E45700883903 /* Sources */ = {
			isa = PBXSourcesBuildPhase;
			buildActionMask = 2147483647;
			files = (
				2BE1E0602156E45700883903 /* CatYearsTests.swift in Sources */,
			);
			runOnlyForDeploymentPostprocessing = 0;
		};
		2BE1E0622156E45700883903 /* Sources */ = {
			isa = PBXSourcesBuildPhase;
			buildActionMask = 2147483647;
			files = (
				2BE1E06B2156E45700883903 /* CatYearsUITests.swift in Sources */,
			);
			runOnlyForDeploymentPostprocessing = 0;
		};
/* End PBXSourcesBuildPhase section */

/* Begin PBXTargetDependency section */
		2BE1E05D2156E45700883903 /* PBXTargetDependency */ = {
			isa = PBXTargetDependency;
			target = 2BE1E0462156E45600883903 /* CatYears */;
			targetProxy = 2BE1E05C2156E45700883903 /* PBXContainerItemProxy */;
		};
		2BE1E0682156E45700883903 /* PBXTargetDependency */ = {
			isa = PBXTargetDependency;
			target = 2BE1E0462156E45600883903 /* CatYears */;
			targetProxy = 2BE1E0672156E45700883903 /* PBXContainerItemProxy */;
		};
/* End PBXTargetDependency section */

/* Begin PBXVariantGroup section */
		2BE1E04E2156E45600883903 /* Main.storyboard */ = {
			isa = PBXVariantGroup;
			children = (
				2BE1E04F2156E45600883903 /* Base */,
			);
			name = Main.storyboard;
			sourceTree = "<group>";
		};
		2BE1E0532156E45700883903 /* LaunchScreen.storyboard */ = {
			isa = PBXVariantGroup;
			children = (
				2BE1E0542156E45700883903 /* Base */,
			);
			name = LaunchScreen.storyboard;
			sourceTree = "<group>";
		};
/* End PBXVariantGroup section */

/* Begin XCBuildConfiguration section */
		2BE1E06D2156E45700883903 /* Debug */ = {
			isa = XCBuildConfiguration;
			buildSettings = {
				ALWAYS_SEARCH_USER_PATHS = NO;
				CLANG_ANALYZER_NONNULL = YES;
				CLANG_ANALYZER_NUMBER_OBJECT_CONVERSION = YES_AGGRESSIVE;
				CLANG_CXX_LANGUAGE_STANDARD = "gnu++14";
				CLANG_CXX_LIBRARY = "libc++";
				CLANG_ENABLE_MODULES = YES;
				CLANG_ENABLE_OBJC_ARC = YES;
				CLANG_ENABLE_OBJC_WEAK = YES;
				CLANG_WARN_BLOCK_CAPTURE_AUTORELEASING = YES;
				CLANG_WARN_BOOL_CONVERSION = YES;
				CLANG_WARN_COMMA = YES;
				CLANG_WARN_CONSTANT_CONVERSION = YES;
				CLANG_WARN_DEPRECATED_OBJC_IMPLEMENTATIONS = YES;
				CLANG_WARN_DIRECT_OBJC_ISA_USAGE = YES_ERROR;
				CLANG_WARN_DOCUMENTATION_COMMENTS = YES;
				CLANG_WARN_EMPTY_BODY = YES;
				CLANG_WARN_ENUM_CONVERSION = YES;
				CLANG_WARN_INFINITE_RECURSION = YES;
				CLANG_WARN_INT_CONVERSION = YES;
				CLANG_WARN_NON_LITERAL_NULL_CONVERSION = YES;
				CLANG_WARN_OBJC_IMPLICIT_RETAIN_SELF = YES;
				CLANG_WARN_OBJC_LITERAL_CONVERSION = YES;
				CLANG_WARN_OBJC_ROOT_CLASS = YES_ERROR;
				CLANG_WARN_RANGE_LOOP_ANALYSIS = YES;
				CLANG_WARN_STRICT_PROTOTYPES = YES;
				CLANG_WARN_SUSPICIOUS_MOVE = YES;
				CLANG_WARN_UNGUARDED_AVAILABILITY = YES_AGGRESSIVE;
				CLANG_WARN_UNREACHABLE_CODE = YES;
				CLANG_WARN__DUPLICATE_METHOD_MATCH = YES;
				CODE_SIGN_IDENTITY = "iPhone Developer";
				COPY_PHASE_STRIP = NO;
				DEBUG_INFORMATION_FORMAT = dwarf;
				ENABLE_STRICT_OBJC_MSGSEND = YES;
				ENABLE_TESTABILITY = YES;
				GCC_C_LANGUAGE_STANDARD = gnu11;
				GCC_DYNAMIC_NO_PIC = NO;
				GCC_NO_COMMON_BLOCKS = YES;
				GCC_OPTIMIZATION_LEVEL = 0;
				GCC_PREPROCESSOR_DEFINITIONS = (
					"DEBUG=1",
					"$(inherited)",
				);
				GCC_WARN_64_TO_32_BIT_CONVERSION = YES;
				GCC_WARN_ABOUT_RETURN_TYPE = YES_ERROR;
				GCC_WARN_UNDECLARED_SELECTOR = YES;
				GCC_WARN_UNINITIALIZED_AUTOS = YES_AGGRESSIVE;
				GCC_WARN_UNUSED_FUNCTION = YES;
				GCC_WARN_UNUSED_VARIABLE = YES;
				IPHONEOS_DEPLOYMENT_TARGET = 12.0;
				MTL_ENABLE_DEBUG_INFO = INCLUDE_SOURCE;
				MTL_FAST_MATH = YES;
				ONLY_ACTIVE_ARCH = YES;
				SDKROOT = iphoneos;
				SWIFT_ACTIVE_COMPILATION_CONDITIONS = DEBUG;
				SWIFT_OPTIMIZATION_LEVEL = "-Onone";
			};
			name = Debug;
		};
		2BE1E06E2156E45700883903 /* Release */ = {
			isa = XCBuildConfiguration;
			buildSettings = {
				ALWAYS_SEARCH_USER_PATHS = NO;
				CLANG_ANALYZER_NONNULL = YES;
				CLANG_ANALYZER_NUMBER_OBJECT_CONVERSION = YES_AGGRESSIVE;
				CLANG_CXX_LANGUAGE_STANDARD = "gnu++14";
				CLANG_CXX_LIBRARY = "libc++";
				CLANG_ENABLE_MODULES = YES;
				CLANG_ENABLE_OBJC_ARC = YES;
				CLANG_ENABLE_OBJC_WEAK = YES;
				CLANG_WARN_BLOCK_CAPTURE_AUTORELEASING = YES;
				CLANG_WARN_BOOL_CONVERSION = YES;
				CLANG_WARN_COMMA = YES;
				CLANG_WARN_CONSTANT_CONVERSION = YES;
				CLANG_WARN_DEPRECATED_OBJC_IMPLEMENTATIONS = YES;
				CLANG_WARN_DIRECT_OBJC_ISA_USAGE = YES_ERROR;
				CLANG_WARN_DOCUMENTATION_COMMENTS = YES;
				CLANG_WARN_EMPTY_BODY = YES;
				CLANG_WARN_ENUM_CONVERSION = YES;
				CLANG_WARN_INFINITE_RECURSION = YES;
				CLANG_WARN_INT_CONVERSION = YES;
				CLANG_WARN_NON_LITERAL_NULL_CONVERSION = YES;
				CLANG_WARN_OBJC_IMPLICIT_RETAIN_SELF = YES;
				CLANG_WARN_OBJC_LITERAL_CONVERSION = YES;
				CLANG_WARN_OBJC_ROOT_CLASS = YES_ERROR;
				CLANG_WARN_RANGE_LOOP_ANALYSIS = YES;
				CLANG_WARN_STRICT_PROTOTYPES = YES;
				CLANG_WARN_SUSPICIOUS_MOVE = YES;
				CLANG_WARN_UNGUARDED_AVAILABILITY = YES_AGGRESSIVE;
				CLANG_WARN_UNREACHABLE_CODE = YES;
				CLANG_WARN__DUPLICATE_METHOD_MATCH = YES;
				CODE_SIGN_IDENTITY = "iPhone Developer";
				COPY_PHASE_STRIP = NO;
				DEBUG_INFORMATION_FORMAT = "dwarf-with-dsym";
				ENABLE_NS_ASSERTIONS = NO;
				ENABLE_STRICT_OBJC_MSGSEND = YES;
				GCC_C_LANGUAGE_STANDARD = gnu11;
				GCC_NO_COMMON_BLOCKS = YES;
				GCC_WARN_64_TO_32_BIT_CONVERSION = YES;
				GCC_WARN_ABOUT_RETURN_TYPE = YES_ERROR;
				GCC_WARN_UNDECLARED_SELECTOR = YES;
				GCC_WARN_UNINITIALIZED_AUTOS = YES_AGGRESSIVE;
				GCC_WARN_UNUSED_FUNCTION = YES;
				GCC_WARN_UNUSED_VARIABLE = YES;
				IPHONEOS_DEPLOYMENT_TARGET = 12.0;
				MTL_ENABLE_DEBUG_INFO = NO;
				MTL_FAST_MATH = YES;
				SDKROOT = iphoneos;
				SWIFT_COMPILATION_MODE = wholemodule;
				SWIFT_OPTIMIZATION_LEVEL = "-O";
				VALIDATE_PRODUCT = YES;
			};
			name = Release;
		};
		2BE1E0702156E45700883903 /* Debug */ = {
			isa = XCBuildConfiguration;
			buildSettings = {
				ASSETCATALOG_COMPILER_APPICON_NAME = AppIcon;
				CODE_SIGN_STYLE = Automatic;
				DEVELOPMENT_TEAM = TFVPAWAQ8A;
				INFOPLIST_FILE = CatYears/Info.plist;
				LD_RUNPATH_SEARCH_PATHS = (
					"$(inherited)",
					"@executable_path/Frameworks",
				);
				PRODUCT_BUNDLE_IDENTIFIER = com.tarekmoubarak.CatYears;
				PRODUCT_NAME = "$(TARGET_NAME)";
				SWIFT_VERSION = 4.2;
				TARGETED_DEVICE_FAMILY = "1,2";
			};
			name = Debug;
		};
		2BE1E0712156E45700883903 /* Release */ = {
			isa = XCBuildConfiguration;
			buildSettings = {
				ASSETCATALOG_COMPILER_APPICON_NAME = AppIcon;
				CODE_SIGN_STYLE = Automatic;
				DEVELOPMENT_TEAM = TFVPAWAQ8A;
				INFOPLIST_FILE = CatYears/Info.plist;
				LD_RUNPATH_SEARCH_PATHS = (
					"$(inherited)",
					"@executable_path/Frameworks",
				);
				PRODUCT_BUNDLE_IDENTIFIER = com.tarekmoubarak.CatYears;
				PRODUCT_NAME = "$(TARGET_NAME)";
				SWIFT_VERSION = 4.2;
				TARGETED_DEVICE_FAMILY = "1,2";
			};
			name = Release;
		};
		2BE1E0732156E45700883903 /* Debug */ = {
			isa = XCBuildConfiguration;
			buildSettings = {
				ALWAYS_EMBED_SWIFT_STANDARD_LIBRARIES = YES;
				BUNDLE_LOADER = "$(TEST_HOST)";
				CODE_SIGN_STYLE = Automatic;
				DEVELOPMENT_TEAM = TFVPAWAQ8A;
				INFOPLIST_FILE = CatYearsTests/Info.plist;
				LD_RUNPATH_SEARCH_PATHS = (
					"$(inherited)",
					"@executable_path/Frameworks",
					"@loader_path/Frameworks",
				);
				PRODUCT_BUNDLE_IDENTIFIER = com.tarekmoubarak.CatYearsTests;
				PRODUCT_NAME = "$(TARGET_NAME)";
				SWIFT_VERSION = 4.2;
				TARGETED_DEVICE_FAMILY = "1,2";
				TEST_HOST = "$(BUILT_PRODUCTS_DIR)/CatYears.app/CatYears";
			};
			name = Debug;
		};
		2BE1E0742156E45700883903 /* Release */ = {
			isa = XCBuildConfiguration;
			buildSettings = {
				ALWAYS_EMBED_SWIFT_STANDARD_LIBRARIES = YES;
				BUNDLE_LOADER = "$(TEST_HOST)";
				CODE_SIGN_STYLE = Automatic;
				DEVELOPMENT_TEAM = TFVPAWAQ8A;
				INFOPLIST_FILE = CatYearsTests/Info.plist;
				LD_RUNPATH_SEARCH_PATHS = (
					"$(inherited)",
					"@executable_path/Frameworks",
					"@loader_path/Frameworks",
				);
				PRODUCT_BUNDLE_IDENTIFIER = com.tarekmoubarak.CatYearsTests;
				PRODUCT_NAME = "$(TARGET_NAME)";
				SWIFT_VERSION = 4.2;
				TARGETED_DEVICE_FAMILY = "1,2";
				TEST_HOST = "$(BUILT_PRODUCTS_DIR)/CatYears.app/CatYears";
			};
			name = Release;
		};
		2BE1E0762156E45700883903 /* Debug */ = {
			isa = XCBuildConfiguration;
			buildSettings = {
				ALWAYS_EMBED_SWIFT_STANDARD_LIBRARIES = YES;
				CODE_SIGN_STYLE = Automatic;
				DEVELOPMENT_TEAM = TFVPAWAQ8A;
				INFOPLIST_FILE = CatYearsUITests/Info.plist;
				LD_RUNPATH_SEARCH_PATHS = (
					"$(inherited)",
					"@executable_path/Frameworks",
					"@loader_path/Frameworks",
				);
				PRODUCT_BUNDLE_IDENTIFIER = com.tarekmoubarak.CatYearsUITests;
				PRODUCT_NAME = "$(TARGET_NAME)";
				SWIFT_VERSION = 4.2;
				TARGETED_DEVICE_FAMILY = "1,2";
				TEST_TARGET_NAME = CatYears;
			};
			name = Debug;
		};
		2BE1E0772156E45700883903 /* Release */ = {
			isa = XCBuildConfiguration;
			buildSettings = {
				ALWAYS_EMBED_SWIFT_STANDARD_LIBRARIES = YES;
				CODE_SIGN_STYLE = Automatic;
				DEVELOPMENT_TEAM = TFVPAWAQ8A;
				INFOPLIST_FILE = CatYearsUITests/Info.plist;
				LD_RUNPATH_SEARCH_PATHS = (
					"$(inherited)",
					"@executable_path/Frameworks",
					"@loader_path/Frameworks",
				);
				PRODUCT_BUNDLE_IDENTIFIER = com.tarekmoubarak.CatYearsUITests;
				PRODUCT_NAME = "$(TARGET_NAME)";
				SWIFT_VERSION = 4.2;
				TARGETED_DEVICE_FAMILY = "1,2";
				TEST_TARGET_NAME = CatYears;
			};
			name = Release;
		};
/* End XCBuildConfiguration section */

/* Begin XCConfigurationList section */
		2BE1E0422156E45600883903 /* Build configuration list for PBXProject "CatYears" */ = {
			isa = XCConfigurationList;
			buildConfigurations = (
				2BE1E06D2156E45700883903 /* Debug */,
				2BE1E06E2156E45700883903 /* Release */,
			);
			defaultConfigurationIsVisible = 0;
			defaultConfigurationName = Release;
		};
		2BE1E06F2156E45700883903 /* Build configuration list for PBXNativeTarget "CatYears" */ = {
			isa = XCConfigurationList;
			buildConfigurations = (
				2BE1E0702156E45700883903 /* Debug */,
				2BE1E0712156E45700883903 /* Release */,
			);
			defaultConfigurationIsVisible = 0;
			defaultConfigurationName = Release;
		};
		2BE1E0722156E45700883903 /* Build configuration list for PBXNativeTarget "CatYearsTests" */ = {
			isa = XCConfigurationList;
			buildConfigurations = (
				2BE1E0732156E45700883903 /* Debug */,
				2BE1E0742156E45700883903 /* Release */,
			);
			defaultConfigurationIsVisible = 0;
			defaultConfigurationName = Release;
		};
		2BE1E0752156E45700883903 /* Build configuration list for PBXNativeTarget "CatYearsUITests" */ = {
			isa = XCConfigurationList;
			buildConfigurations = (
				2BE1E0762156E45700883903 /* Debug */,
				2BE1E0772156E45700883903 /* Release */,
			);
			defaultConfigurationIsVisible = 0;
			defaultConfigurationName = Release;
		};
/* End XCConfigurationList section */
	};
	rootObject = 2BE1E03F2156E45600883903 /* Project object */;
}
